
Microsoft Visual Studio Solution File, Format Version 12.00
# Visual Studio Version 16
VisualStudioVersion = 16.0.29215.179
MinimumVisualStudioVersion = 10.0.40219.1
Project("{FAE04EC0-301F-11D3-BF4B-00C04F79EFBC}") = "VariablePractice", "VariablePractice\VariablePractice.csproj", "{A1D89C98-9EAD-4521-BD5F-3F5F6A23397E}"
EndProject
Global
	GlobalSection(SolutionConfigurationPlatforms) = preSolution
		Debug|Any CPU = Debug|Any CPU
		Release|Any CPU = Release|Any CPU
	EndGlobalSection
	GlobalSection(ProjectConfigurationPlatforms) = postSolution
		{A1D89C98-9EAD-4521-BD5F-3F5F6A23397E}.Debug|Any CPU.ActiveCfg = Debug|Any CPU
		{A1D89C98-9EAD-4521-BD5F-3F5F6A23397E}.Debug|Any CPU.Build.0 = Debug|Any CPU
		{A1D89C98-9EAD-4521-BD5F-3F5F6A23397E}.Release|Any CPU.ActiveCfg = Release|Any CPU
		{A1D89C98-9EAD-4521-BD5F-3F5F6A23397E}.Release|Any CPU.Build.0 = Release|Any CPU
	EndGlobalSection
	GlobalSection(SolutionProperties) = preSolution
		HideSolutionNode = FALSE
	EndGlobalSection
	GlobalSection(ExtensibilityGlobals) = postSolution
		SolutionGuid = {D7A795B7-749B-45FA-9A9D-C7D1DCDE1537}
	EndGlobalSection
EndGlobal
